// !$*UTF8*$!
{
	archiveVersion = 1;
	classes = {
	};
	objectVersion = 50;
	objects = {

/* Begin PBXBuildFile section */
		33AB7022234FAE7800110464 /* AppDelegate.m in Sources */ = {isa = PBXBuildFile; fileRef = 33AB7021234FAE7800110464 /* AppDelegate.m */; };
		33AB7025234FAE7800110464 /* SceneDelegate.m in Sources */ = {isa = PBXBuildFile; fileRef = 33AB7024234FAE7800110464 /* SceneDelegate.m */; };
		33AB7028234FAE7800110464 /* ViewController.m in Sources */ = {isa = PBXBuildFile; fileRef = 33AB7027234FAE7800110464 /* ViewController.m */; };
		33AB702B234FAE7800110464 /* Main.storyboard in Resources */ = {isa = PBXBuildFile; fileRef = 33AB7029234FAE7800110464 /* Main.storyboard */; };
		33AB702D234FAE7A00110464 /* Assets.xcassets in Resources */ = {isa = PBXBuildFile; fileRef = 33AB702C234FAE7A00110464 /* Assets.xcassets */; };
		33AB7030234FAE7A00110464 /* LaunchScreen.storyboard in Resources */ = {isa = PBXBuildFile; fileRef = 33AB702E234FAE7A00110464 /* LaunchScreen.storyboard */; };
		33AB7033234FAE7A00110464 /* main.m in Sources */ = {isa = PBXBuildFile; fileRef = 33AB7032234FAE7A00110464 /* main.m */; };
/* End PBXBuildFile section */

/* Begin PBXFileReference section */
		33AB701D234FAE7800110464 /* iOS8-Numbers.app */ = {isa = PBXFileReference; explicitFileType = wrapper.application; includeInIndex = 0; path = "iOS8-Numbers.app"; sourceTree = BUILT_PRODUCTS_DIR; };
		33AB7020234FAE7800110464 /* AppDelegate.h */ = {isa = PBXFileReference; lastKnownFileType = sourcecode.c.h; path = AppDelegate.h; sourceTree = "<group>"; };
		33AB7021234FAE7800110464 /* AppDelegate.m */ = {isa = PBXFileReference; lastKnownFileType = sourcecode.c.objc; path = AppDelegate.m; sourceTree = "<group>"; };
		33AB7023234FAE7800110464 /* SceneDelegate.h */ = {isa = PBXFileReference; lastKnownFileType = sourcecode.c.h; path = SceneDelegate.h; sourceTree = "<group>"; };
		33AB7024234FAE7800110464 /* SceneDelegate.m */ = {isa = PBXFileReference; lastKnownFileType = sourcecode.c.objc; path = SceneDelegate.m; sourceTree = "<group>"; };
		33AB7026234FAE7800110464 /* ViewController.h */ = {isa = PBXFileReference; lastKnownFileType = sourcecode.c.h; path = ViewController.h; sourceTree = "<group>"; };
		33AB7027234FAE7800110464 /* ViewController.m */ = {isa = PBXFileReference; lastKnownFileType = sourcecode.c.objc; path = ViewController.m; sourceTree = "<group>"; };
		33AB702A234FAE7800110464 /* Base */ = {isa = PBXFileReference; lastKnownFileType = file.storyboard; name = Base; path = Base.lproj/Main.storyboard; sourceTree = "<group>"; };
		33AB702C234FAE7A00110464 /* Assets.xcassets */ = {isa = PBXFileReference; lastKnownFileType = folder.assetcatalog; path = Assets.xcassets; sourceTree = "<group>"; };
		33AB702F234FAE7A00110464 /* Base */ = {isa = PBXFileReference; lastKnownFileType = file.storyboard; name = Base; path = Base.lproj/LaunchScreen.storyboard; sourceTree = "<group>"; };
		33AB7031234FAE7A00110464 /* Info.plist */ = {isa = PBXFileReference; lastKnownFileType = text.plist.xml; path = Info.plist; sourceTree = "<group>"; };
		33AB7032234FAE7A00110464 /* main.m */ = {isa = PBXFileReference; lastKnownFileType = sourcecode.c.objc; path = main.m; sourceTree = "<group>"; };
/* End PBXFileReference section */

/* Begin PBXFrameworksBuildPhase section */
		33AB701A234FAE7800110464 /* Frameworks */ = {
			isa = PBXFrameworksBuildPhase;
			buildActionMask = 2147483647;
			files = (
			);
			runOnlyForDeploymentPostprocessing = 0;
		};
/* End PBXFrameworksBuildPhase section */

/* Begin PBXGroup section */
		33AB7014234FAE7800110464 = {
			isa = PBXGroup;
			children = (
				33AB701F234FAE7800110464 /* iOS8-Numbers */,
				33AB701E234FAE7800110464 /* Products */,
			);
			sourceTree = "<group>";
		};
		33AB701E234FAE7800110464 /* Products */ = {
			isa = PBXGroup;
			children = (
				33AB701D234FAE7800110464 /* iOS8-Numbers.app */,
			);
			name = Products;
			sourceTree = "<group>";
		};
		33AB701F234FAE7800110464 /* iOS8-Numbers */ = {
			isa = PBXGroup;
			children = (
				33AB7020234FAE7800110464 /* AppDelegate.h */,
				33AB7021234FAE7800110464 /* AppDelegate.m */,
				33AB7023234FAE7800110464 /* SceneDelegate.h */,
				33AB7024234FAE7800110464 /* SceneDelegate.m */,
				33AB7026234FAE7800110464 /* ViewController.h */,
				33AB7027234FAE7800110464 /* ViewController.m */,
				33AB7029234FAE7800110464 /* Main.storyboard */,
				33AB702C234FAE7A00110464 /* Assets.xcassets */,
				33AB702E234FAE7A00110464 /* LaunchScreen.storyboard */,
				33AB7031234FAE7A00110464 /* Info.plist */,
				33AB7032234FAE7A00110464 /* main.m */,
			);
			path = "iOS8-Numbers";
			sourceTree = "<group>";
		};
/* End PBXGroup section */

/* Begin PBXNativeTarget section */
		33AB701C234FAE7800110464 /* iOS8-Numbers */ = {
			isa = PBXNativeTarget;
			buildConfigurationList = 33AB7036234FAE7A00110464 /* Build configuration list for PBXNativeTarget "iOS8-Numbers" */;
			buildPhases = (
				33AB7019234FAE7800110464 /* Sources */,
				33AB701A234FAE7800110464 /* Frameworks */,
				33AB701B234FAE7800110464 /* Resources */,
			);
			buildRules = (
			);
			dependencies = (
			);
			name = "iOS8-Numbers";
			productName = "iOS8-Numbers";
			productReference = 33AB701D234FAE7800110464 /* iOS8-Numbers.app */;
			productType = "com.apple.product-type.application";
		};
/* End PBXNativeTarget section */

/* Begin PBXProject section */
		33AB7015234FAE7800110464 /* Project object */ = {
			isa = PBXProject;
			attributes = {
				LastUpgradeCheck = 1100;
				ORGANIZATIONNAME = "Red_Egg Productions";
				TargetAttributes = {
					33AB701C234FAE7800110464 = {
						CreatedOnToolsVersion = 11.0;
					};
				};
			};
			buildConfigurationList = 33AB7018234FAE7800110464 /* Build configuration list for PBXProject "iOS8-Numbers" */;
			compatibilityVersion = "Xcode 9.3";
			developmentRegion = en;
			hasScannedForEncodings = 0;
			knownRegions = (
				en,
				Base,
			);
			mainGroup = 33AB7014234FAE7800110464;
			productRefGroup = 33AB701E234FAE7800110464 /* Products */;
			projectDirPath = "";
			projectRoot = "";
			targets = (
				33AB701C234FAE7800110464 /* iOS8-Numbers */,
			);
		};
/* End PBXProject section */

/* Begin PBXResourcesBuildPhase section */
		33AB701B234FAE7800110464 /* Resources */ = {
			isa = PBXResourcesBuildPhase;
			buildActionMask = 2147483647;
			files = (
				33AB7030234FAE7A00110464 /* LaunchScreen.storyboard in Resources */,
				33AB702D234FAE7A00110464 /* Assets.xcassets in Resources */,
				33AB702B234FAE7800110464 /* Main.storyboard in Resources */,
			);
			runOnlyForDeploymentPostprocessing = 0;
		};
/* End PBXResourcesBuildPhase section */

/* Begin PBXSourcesBuildPhase section */
		33AB7019234FAE7800110464 /* Sources */ = {
			isa = PBXSourcesBuildPhase;
			buildActionMask = 2147483647;
			files = (
				33AB7028234FAE7800110464 /* ViewController.m in Sources */,
				33AB7022234FAE7800110464 /* AppDelegate.m in Sources */,
				33AB7033234FAE7A00110464 /* main.m in Sources */,
				33AB7025234FAE7800110464 /* SceneDelegate.m in Sources */,
			);
			runOnlyForDeploymentPostprocessing = 0;
		};
/* End PBXSourcesBuildPhase section */

/* Begin PBXVariantGroup section */
		33AB7029234FAE7800110464 /* Main.storyboard */ = {
			isa = PBXVariantGroup;
			children = (
				33AB702A234FAE7800110464 /* Base */,
			);
			name = Main.storyboard;
			sourceTree = "<group>";
		};
		33AB702E234FAE7A00110464 /* LaunchScreen.storyboard */ = {
			isa = PBXVariantGroup;
			children = (
				33AB702F234FAE7A00110464 /* Base */,
			);
			name = LaunchScreen.storyboard;
			sourceTree = "<group>";
		};
/* End PBXVariantGroup section */

/* Begin XCBuildConfiguration section */
		33AB7034234FAE7A00110464 /* Debug */ = {
			isa = XCBuildConfiguration;
			buildSettings = {
				ALWAYS_SEARCH_USER_PATHS = NO;
				CLANG_ANALYZER_NONNULL = YES;
				CLANG_ANALYZER_NUMBER_OBJECT_CONVERSION = YES_AGGRESSIVE;
				CLANG_CXX_LANGUAGE_STANDARD = "gnu++14";
				CLANG_CXX_LIBRARY = "libc++";
				CLANG_ENABLE_MODULES = YES;
				CLANG_ENABLE_OBJC_ARC = YES;
				CLANG_ENABLE_OBJC_WEAK = YES;
				CLANG_WARN_BLOCK_CAPTURE_AUTORELEASING = YES;
				CLANG_WARN_BOOL_CONVERSION = YES;
				CLANG_WARN_COMMA = YES;
				CLANG_WARN_CONSTANT_CONVERSION = YES;
				CLANG_WARN_DEPRECATED_OBJC_IMPLEMENTATIONS = YES;
				CLANG_WARN_DIRECT_OBJC_ISA_USAGE = YES_ERROR;
				CLANG_WARN_DOCUMENTATION_COMMENTS = YES;
				CLANG_WARN_EMPTY_BODY = YES;
				CLANG_WARN_ENUM_CONVERSION = YES;
				CLANG_WARN_INFINITE_RECURSION = YES;
				CLANG_WARN_INT_CONVERSION = YES;
				CLANG_WARN_NON_LITERAL_NULL_CONVERSION = YES;
				CLANG_WARN_OBJC_IMPLICIT_RETAIN_SELF = YES;
				CLANG_WARN_OBJC_LITERAL_CONVERSION = YES;
				CLANG_WARN_OBJC_ROOT_CLASS = YES_ERROR;
				CLANG_WARN_RANGE_LOOP_ANALYSIS = YES;
				CLANG_WARN_STRICT_PROTOTYPES = YES;
				CLANG_WARN_SUSPICIOUS_MOVE = YES;
				CLANG_WARN_UNGUARDED_AVAILABILITY = YES_AGGRESSIVE;
				CLANG_WARN_UNREACHABLE_CODE = YES;
				CLANG_WARN__DUPLICATE_METHOD_MATCH = YES;
				COPY_PHASE_STRIP = NO;
				DEBUG_INFORMATION_FORMAT = dwarf;
				ENABLE_STRICT_OBJC_MSGSEND = YES;
				ENABLE_TESTABILITY = YES;
				GCC_C_LANGUAGE_STANDARD = gnu11;
				GCC_DYNAMIC_NO_PIC = NO;
				GCC_NO_COMMON_BLOCKS = YES;
				GCC_OPTIMIZATION_LEVEL = 0;
				GCC_PREPROCESSOR_DEFINITIONS = (
					"DEBUG=1",
					"$(inherited)",
				);
				GCC_WARN_64_TO_32_BIT_CONVERSION = YES;
				GCC_WARN_ABOUT_RETURN_TYPE = YES_ERROR;
				GCC_WARN_UNDECLARED_SELECTOR = YES;
				GCC_WARN_UNINITIALIZED_AUTOS = YES_AGGRESSIVE;
				GCC_WARN_UNUSED_FUNCTION = YES;
				GCC_WARN_UNUSED_VARIABLE = YES;
				IPHONEOS_DEPLOYMENT_TARGET = 13.0;
				MTL_ENABLE_DEBUG_INFO = INCLUDE_SOURCE;
				MTL_FAST_MATH = YES;
				ONLY_ACTIVE_ARCH = YES;
				SDKROOT = iphoneos;
			};
			name = Debug;
		};
		33AB7035234FAE7A00110464 /* Release */ = {
			isa = XCBuildConfiguration;
			buildSettings = {
				ALWAYS_SEARCH_USER_PATHS = NO;
				CLANG_ANALYZER_NONNULL = YES;
				CLANG_ANALYZER_NUMBER_OBJECT_CONVERSION = YES_AGGRESSIVE;
				CLANG_CXX_LANGUAGE_STANDARD = "gnu++14";
				CLANG_CXX_LIBRARY = "libc++";
				CLANG_ENABLE_MODULES = YES;
				CLANG_ENABLE_OBJC_ARC = YES;
				CLANG_ENABLE_OBJC_WEAK = YES;
				CLANG_WARN_BLOCK_CAPTURE_AUTORELEASING = YES;
				CLANG_WARN_BOOL_CONVERSION = YES;
				CLANG_WARN_COMMA = YES;
				CLANG_WARN_CONSTANT_CONVERSION = YES;
				CLANG_WARN_DEPRECATED_OBJC_IMPLEMENTATIONS = YES;
				CLANG_WARN_DIRECT_OBJC_ISA_USAGE = YES_ERROR;
				CLANG_WARN_DOCUMENTATION_COMMENTS = YES;
				CLANG_WARN_EMPTY_BODY = YES;
				CLANG_WARN_ENUM_CONVERSION = YES;
				CLANG_WARN_INFINITE_RECURSION = YES;
				CLANG_WARN_INT_CONVERSION = YES;
				CLANG_WARN_NON_LITERAL_NULL_CONVERSION = YES;
				CLANG_WARN_OBJC_IMPLICIT_RETAIN_SELF = YES;
				CLANG_WARN_OBJC_LITERAL_CONVERSION = YES;
				CLANG_WARN_OBJC_ROOT_CLASS = YES_ERROR;
				CLANG_WARN_RANGE_LOOP_ANALYSIS = YES;
				CLANG_WARN_STRICT_PROTOTYPES = YES;
				CLANG_WARN_SUSPICIOUS_MOVE = YES;
				CLANG_WARN_UNGUARDED_AVAILABILITY = YES_AGGRESSIVE;
				CLANG_WARN_UNREACHABLE_CODE = YES;
				CLANG_WARN__DUPLICATE_METHOD_MATCH = YES;
				COPY_PHASE_STRIP = NO;
				DEBUG_INFORMATION_FORMAT = "dwarf-with-dsym";
				ENABLE_NS_ASSERTIONS = NO;
				ENABLE_STRICT_OBJC_MSGSEND = YES;
				GCC_C_LANGUAGE_STANDARD = gnu11;
				GCC_NO_COMMON_BLOCKS = YES;
				GCC_WARN_64_TO_32_BIT_CONVERSION = YES;
				GCC_WARN_ABOUT_RETURN_TYPE = YES_ERROR;
				GCC_WARN_UNDECLARED_SELECTOR = YES;
				GCC_WARN_UNINITIALIZED_AUTOS = YES_AGGRESSIVE;
				GCC_WARN_UNUSED_FUNCTION = YES;
				GCC_WARN_UNUSED_VARIABLE = YES;
				IPHONEOS_DEPLOYMENT_TARGET = 13.0;
				MTL_ENABLE_DEBUG_INFO = NO;
				MTL_FAST_MATH = YES;
				SDKROOT = iphoneos;
				VALIDATE_PRODUCT = YES;
			};
			name = Release;
		};
		33AB7037234FAE7A00110464 /* Debug */ = {
			isa = XCBuildConfiguration;
			buildSettings = {
				ASSETCATALOG_COMPILER_APPICON_NAME = AppIcon;
				CODE_SIGN_STYLE = Automatic;
				DEVELOPMENT_TEAM = L5UZAT7KA9;
				INFOPLIST_FILE = "iOS8-Numbers/Info.plist";
				LD_RUNPATH_SEARCH_PATHS = (
					"$(inherited)",
					"@executable_path/Frameworks",
				);
				PRODUCT_BUNDLE_IDENTIFIER = "com.redeggproductions.iOS8-Numbers";
				PRODUCT_NAME = "$(TARGET_NAME)";
				TARGETED_DEVICE_FAMILY = "1,2";
			};
			name = Debug;
		};
		33AB7038234FAE7A00110464 /* Release */ = {
			isa = XCBuildConfiguration;
			buildSettings = {
				ASSETCATALOG_COMPILER_APPICON_NAME = AppIcon;
				CODE_SIGN_STYLE = Automatic;
				DEVELOPMENT_TEAM = L5UZAT7KA9;
				INFOPLIST_FILE = "iOS8-Numbers/Info.plist";
				LD_RUNPATH_SEARCH_PATHS = (
					"$(inherited)",
					"@executable_path/Frameworks",
				);
				PRODUCT_BUNDLE_IDENTIFIER = "com.redeggproductions.iOS8-Numbers";
				PRODUCT_NAME = "$(TARGET_NAME)";
				TARGETED_DEVICE_FAMILY = "1,2";
			};
			name = Release;
		};
/* End XCBuildConfiguration section */

/* Begin XCConfigurationList section */
		33AB7018234FAE7800110464 /* Build configuration list for PBXProject "iOS8-Numbers" */ = {
			isa = XCConfigurationList;
			buildConfigurations = (
				33AB7034234FAE7A00110464 /* Debug */,
				33AB7035234FAE7A00110464 /* Release */,
			);
			defaultConfigurationIsVisible = 0;
			defaultConfigurationName = Release;
		};
		33AB7036234FAE7A00110464 /* Build configuration list for PBXNativeTarget "iOS8-Numbers" */ = {
			isa = XCConfigurationList;
			buildConfigurations = (
				33AB7037234FAE7A00110464 /* Debug */,
				33AB7038234FAE7A00110464 /* Release */,
			);
			defaultConfigurationIsVisible = 0;
			defaultConfigurationName = Release;
		};
/* End XCConfigurationList section */
	};
	rootObject = 33AB7015234FAE7800110464 /* Project object */;
}
